
Microsoft Visual Studio Solution File, Format Version 12.00
# Visual Studio Version 16
VisualStudioVersion = 16.0.29509.3
MinimumVisualStudioVersion = 10.0.40219.1
Project("{9A19103F-16F7-4668-BE54-9A1E7A4F7556}") = "BoldSign.Api", "BoldSign.Api.csproj", "{B1281DA9-823E-4863-93ED-12A8BEA426F2}"
EndProject
Project("{9A19103F-16F7-4668-BE54-9A1E7A4F7556}") = "BoldSign.Examples", "..\..\examples\BoldSign.Examples.csproj", "{ECA5BC87-CB71-4086-A104-6CFFFE327C03}"
EndProject
Global
	GlobalSection(SolutionConfigurationPlatforms) = preSolution
		Debug|Any CPU = Debug|Any CPU
		Release|Any CPU = Release|Any CPU
	EndGlobalSection
	GlobalSection(ProjectConfigurationPlatforms) = postSolution
		{B1281DA9-823E-4863-93ED-12A8BEA426F2}.Debug|Any CPU.ActiveCfg = Debug|Any CPU
		{B1281DA9-823E-4863-93ED-12A8BEA426F2}.Debug|Any CPU.Build.0 = Debug|Any CPU
		{B1281DA9-823E-4863-93ED-12A8BEA426F2}.Release|Any CPU.ActiveCfg = Release|Any CPU
		{B1281DA9-823E-4863-93ED-12A8BEA426F2}.Release|Any CPU.Build.0 = Release|Any CPU
		{ECA5BC87-CB71-4086-A104-6CFFFE327C03}.Debug|Any CPU.ActiveCfg = Debug|Any CPU
		{ECA5BC87-CB71-4086-A104-6CFFFE327C03}.Debug|Any CPU.Build.0 = Debug|Any CPU
		{ECA5BC87-CB71-4086-A104-6CFFFE327C03}.Release|Any CPU.ActiveCfg = Release|Any CPU
		{ECA5BC87-CB71-4086-A104-6CFFFE327C03}.Release|Any CPU.Build.0 = Release|Any CPU
	EndGlobalSection
	GlobalSection(SolutionProperties) = preSolution
		HideSolutionNode = FALSE
	EndGlobalSection
	GlobalSection(ExtensibilityGlobals) = postSolution
		SolutionGuid = {732FDC53-A368-4B82-9B39-9FCEF8FEBEF5}
	EndGlobalSection
EndGlobal
